
Microsoft Visual Studio Solution File, Format Version 12.00
# Visual Studio Version 17
VisualStudioVersion = 17.9.34723.18
MinimumVisualStudioVersion = 10.0.40219.1
Project("{8BC9CEB8-8B4A-11D0-8D11-00A0C91BC942}") = "HommeWork17", "HommeWork17\HommeWork17.vcxproj", "{2AA3C512-0485-4FDF-B3C9-FD17A8B9CDE5}"
EndProject
Global
	GlobalSection(SolutionConfigurationPlatforms) = preSolution
		Debug|x64 = Debug|x64
		Debug|x86 = Debug|x86
		Release|x64 = Release|x64
		Release|x86 = Release|x86
	EndGlobalSection
	GlobalSection(ProjectConfigurationPlatforms) = postSolution
		{2AA3C512-0485-4FDF-B3C9-FD17A8B9CDE5}.Debug|x64.ActiveCfg = Debug|x64
		{2AA3C512-0485-4FDF-B3C9-FD17A8B9CDE5}.Debug|x64.Build.0 = Debug|x64
		{2AA3C512-0485-4FDF-B3C9-FD17A8B9CDE5}.Debug|x86.ActiveCfg = Debug|Win32
		{2AA3C512-0485-4FDF-B3C9-FD17A8B9CDE5}.Debug|x86.Build.0 = Debug|Win32
		{2AA3C512-0485-4FDF-B3C9-FD17A8B9CDE5}.Release|x64.ActiveCfg = Release|x64
		{2AA3C512-0485-4FDF-B3C9-FD17A8B9CDE5}.Release|x64.Build.0 = Release|x64
		{2AA3C512-0485-4FDF-B3C9-FD17A8B9CDE5}.Release|x86.ActiveCfg = Release|Win32
		{2AA3C512-0485-4FDF-B3C9-FD17A8B9CDE5}.Release|x86.Build.0 = Release|Win32
	EndGlobalSection
	GlobalSection(SolutionProperties) = preSolution
		HideSolutionNode = FALSE
	EndGlobalSection
	GlobalSection(ExtensibilityGlobals) = postSolution
		SolutionGuid = {650B4CBE-8FF7-462D-9828-9793DBA8E7F8}
	EndGlobalSection
EndGlobal
